
Microsoft Visual Studio Solution File, Format Version 12.00
# Visual Studio Version 17
VisualStudioVersion = 17.2.32516.85
MinimumVisualStudioVersion = 10.0.40219.1
Project("{9A19103F-16F7-4668-BE54-9A1E7A4F7556}") = "Services", "Services\Services.csproj", "{9A21324D-BD88-4312-A407-88B7A5797B54}"
EndProject
Project("{9A19103F-16F7-4668-BE54-9A1E7A4F7556}") = "Repository", "Repository\Repository.csproj", "{7123311F-E781-4E4A-8FE3-6DBEEE4C2CF1}"
EndProject
Project("{9A19103F-16F7-4668-BE54-9A1E7A4F7556}") = "Domain", "Domain\Domain.csproj", "{793CA5DF-5E54-407A-AAA9-9014ED05E7C2}"
EndProject
Project("{9A19103F-16F7-4668-BE54-9A1E7A4F7556}") = "UI", "UI\UI.csproj", "{7F81DA0C-16D1-403B-9D9D-B3A19574BD94}"
EndProject
Global
	GlobalSection(SolutionConfigurationPlatforms) = preSolution
		Debug|Any CPU = Debug|Any CPU
		Release|Any CPU = Release|Any CPU
	EndGlobalSection
	GlobalSection(ProjectConfigurationPlatforms) = postSolution
		{9A21324D-BD88-4312-A407-88B7A5797B54}.Debug|Any CPU.ActiveCfg = Debug|Any CPU
		{9A21324D-BD88-4312-A407-88B7A5797B54}.Debug|Any CPU.Build.0 = Debug|Any CPU
		{9A21324D-BD88-4312-A407-88B7A5797B54}.Release|Any CPU.ActiveCfg = Release|Any CPU
		{9A21324D-BD88-4312-A407-88B7A5797B54}.Release|Any CPU.Build.0 = Release|Any CPU
		{7123311F-E781-4E4A-8FE3-6DBEEE4C2CF1}.Debug|Any CPU.ActiveCfg = Debug|Any CPU
		{7123311F-E781-4E4A-8FE3-6DBEEE4C2CF1}.Debug|Any CPU.Build.0 = Debug|Any CPU
		{7123311F-E781-4E4A-8FE3-6DBEEE4C2CF1}.Release|Any CPU.ActiveCfg = Release|Any CPU
		{7123311F-E781-4E4A-8FE3-6DBEEE4C2CF1}.Release|Any CPU.Build.0 = Release|Any CPU
		{793CA5DF-5E54-407A-AAA9-9014ED05E7C2}.Debug|Any CPU.ActiveCfg = Debug|Any CPU
		{793CA5DF-5E54-407A-AAA9-9014ED05E7C2}.Debug|Any CPU.Build.0 = Debug|Any CPU
		{793CA5DF-5E54-407A-AAA9-9014ED05E7C2}.Release|Any CPU.ActiveCfg = Release|Any CPU
		{793CA5DF-5E54-407A-AAA9-9014ED05E7C2}.Release|Any CPU.Build.0 = Release|Any CPU
		{7F81DA0C-16D1-403B-9D9D-B3A19574BD94}.Debug|Any CPU.ActiveCfg = Debug|Any CPU
		{7F81DA0C-16D1-403B-9D9D-B3A19574BD94}.Debug|Any CPU.Build.0 = Debug|Any CPU
		{7F81DA0C-16D1-403B-9D9D-B3A19574BD94}.Release|Any CPU.ActiveCfg = Release|Any CPU
		{7F81DA0C-16D1-403B-9D9D-B3A19574BD94}.Release|Any CPU.Build.0 = Release|Any CPU
	EndGlobalSection
	GlobalSection(SolutionProperties) = preSolution
		HideSolutionNode = FALSE
	EndGlobalSection
	GlobalSection(ExtensibilityGlobals) = postSolution
		SolutionGuid = {B1B756EA-945D-4B96-9735-C43329B55F5E}
	EndGlobalSection
EndGlobal
